// !$*UTF8*$!
{
	archiveVersion = 1;
	classes = {
	};
	objectVersion = 50;
	objects = {

/* Begin PBXBuildFile section */
		6B311B4924ACE87A002FE58D /* Task.swift in Sources */ = {isa = PBXBuildFile; fileRef = 6B311B4624ACE87A002FE58D /* Task.swift */; };
		6B311B4A24ACE87A002FE58D /* Category.swift in Sources */ = {isa = PBXBuildFile; fileRef = 6B311B4724ACE87A002FE58D /* Category.swift */; };
		6B311B4B24ACE87A002FE58D /* Init.swift in Sources */ = {isa = PBXBuildFile; fileRef = 6B311B4824ACE87A002FE58D /* Init.swift */; };
		6B37016C248BDCB90006B8EE /* CustomPersistentContainer.swift in Sources */ = {isa = PBXBuildFile; fileRef = 6B37016B248BDCB90006B8EE /* CustomPersistentContainer.swift */; };
		6BE9406A248A394800E6415F /* Constants.swift in Sources */ = {isa = PBXBuildFile; fileRef = 6BE94069248A394800E6415F /* Constants.swift */; };
		6BE94078248A396F00E6415F /* Goal+CoreDataProperties.swift in Sources */ = {isa = PBXBuildFile; fileRef = 6BE9406C248A396E00E6415F /* Goal+CoreDataProperties.swift */; };
		6BE94079248A396F00E6415F /* User+CoreDataProperties.swift in Sources */ = {isa = PBXBuildFile; fileRef = 6BE9406D248A396E00E6415F /* User+CoreDataProperties.swift */; };
		6BE9407A248A396F00E6415F /* Goal+CoreDataClass.swift in Sources */ = {isa = PBXBuildFile; fileRef = 6BE9406E248A396E00E6415F /* Goal+CoreDataClass.swift */; };
		6BE9407B248A396F00E6415F /* Category+CoreDataProperties.swift in Sources */ = {isa = PBXBuildFile; fileRef = 6BE9406F248A396E00E6415F /* Category+CoreDataProperties.swift */; };
		6BE9407C248A396F00E6415F /* Task+CoreDataClass.swift in Sources */ = {isa = PBXBuildFile; fileRef = 6BE94070248A396E00E6415F /* Task+CoreDataClass.swift */; };
		6BE9407D248A396F00E6415F /* Task+CoreDataProperties.swift in Sources */ = {isa = PBXBuildFile; fileRef = 6BE94071248A396E00E6415F /* Task+CoreDataProperties.swift */; };
		6BE9407E248A396F00E6415F /* Achievement+CoreDataProperties.swift in Sources */ = {isa = PBXBuildFile; fileRef = 6BE94072248A396E00E6415F /* Achievement+CoreDataProperties.swift */; };
		6BE9407F248A396F00E6415F /* Category+CoreDataClass.swift in Sources */ = {isa = PBXBuildFile; fileRef = 6BE94073248A396E00E6415F /* Category+CoreDataClass.swift */; };
		6BE94080248A396F00E6415F /* DoneTask+CoreDataProperties.swift in Sources */ = {isa = PBXBuildFile; fileRef = 6BE94074248A396F00E6415F /* DoneTask+CoreDataProperties.swift */; };
		6BE94081248A396F00E6415F /* Achievement+CoreDataClass.swift in Sources */ = {isa = PBXBuildFile; fileRef = 6BE94075248A396F00E6415F /* Achievement+CoreDataClass.swift */; };
		6BE94082248A396F00E6415F /* User+CoreDataClass.swift in Sources */ = {isa = PBXBuildFile; fileRef = 6BE94076248A396F00E6415F /* User+CoreDataClass.swift */; };
		6BE94083248A396F00E6415F /* DoneTask+CoreDataClass.swift in Sources */ = {isa = PBXBuildFile; fileRef = 6BE94077248A396F00E6415F /* DoneTask+CoreDataClass.swift */; };
		6BE9408B248A399500E6415F /* PMGoal.swift in Sources */ = {isa = PBXBuildFile; fileRef = 6BE94085248A399500E6415F /* PMGoal.swift */; };
		6BE9408C248A399500E6415F /* PMTask.swift in Sources */ = {isa = PBXBuildFile; fileRef = 6BE94086248A399500E6415F /* PMTask.swift */; };
		6BE9408D248A399500E6415F /* PMCategory.swift in Sources */ = {isa = PBXBuildFile; fileRef = 6BE94087248A399500E6415F /* PMCategory.swift */; };
		6BE9408E248A399500E6415F /* PMUser.swift in Sources */ = {isa = PBXBuildFile; fileRef = 6BE94088248A399500E6415F /* PMUser.swift */; };
		6BE9408F248A399500E6415F /* PMDoneTask.swift in Sources */ = {isa = PBXBuildFile; fileRef = 6BE94089248A399500E6415F /* PMDoneTask.swift */; };
		6BE94090248A399500E6415F /* PMAchievement.swift in Sources */ = {isa = PBXBuildFile; fileRef = 6BE9408A248A399500E6415F /* PMAchievement.swift */; };
		6BE94093248A39BE00E6415F /* OrderArray.swift in Sources */ = {isa = PBXBuildFile; fileRef = 6BE94092248A39BE00E6415F /* OrderArray.swift */; };
/* End PBXBuildFile section */

/* Begin PBXFileReference section */
		6B311B4624ACE87A002FE58D /* Task.swift */ = {isa = PBXFileReference; fileEncoding = 4; lastKnownFileType = sourcecode.swift; path = Task.swift; sourceTree = "<group>"; };
		6B311B4724ACE87A002FE58D /* Category.swift */ = {isa = PBXFileReference; fileEncoding = 4; lastKnownFileType = sourcecode.swift; path = Category.swift; sourceTree = "<group>"; };
		6B311B4824ACE87A002FE58D /* Init.swift */ = {isa = PBXFileReference; fileEncoding = 4; lastKnownFileType = sourcecode.swift; path = Init.swift; sourceTree = "<group>"; };
		6B37016B248BDCB90006B8EE /* CustomPersistentContainer.swift */ = {isa = PBXFileReference; lastKnownFileType = sourcecode.swift; path = CustomPersistentContainer.swift; sourceTree = "<group>"; };
		6BE9404D248A388800E6415F /* GreenCore.framework */ = {isa = PBXFileReference; explicitFileType = wrapper.framework; includeInIndex = 0; path = GreenCore.framework; sourceTree = BUILT_PRODUCTS_DIR; };
		6BE94064248A38D600E6415F /* Info.plist */ = {isa = PBXFileReference; lastKnownFileType = text.plist.xml; path = Info.plist; sourceTree = "<group>"; };
		6BE94065248A38D600E6415F /* GreenCore.h */ = {isa = PBXFileReference; lastKnownFileType = sourcecode.c.h; path = GreenCore.h; sourceTree = "<group>"; };
		6BE94069248A394800E6415F /* Constants.swift */ = {isa = PBXFileReference; fileEncoding = 4; lastKnownFileType = sourcecode.swift; path = Constants.swift; sourceTree = "<group>"; };
		6BE9406C248A396E00E6415F /* Goal+CoreDataProperties.swift */ = {isa = PBXFileReference; fileEncoding = 4; lastKnownFileType = sourcecode.swift; path = "Goal+CoreDataProperties.swift"; sourceTree = "<group>"; };
		6BE9406D248A396E00E6415F /* User+CoreDataProperties.swift */ = {isa = PBXFileReference; fileEncoding = 4; lastKnownFileType = sourcecode.swift; path = "User+CoreDataProperties.swift"; sourceTree = "<group>"; };
		6BE9406E248A396E00E6415F /* Goal+CoreDataClass.swift */ = {isa = PBXFileReference; fileEncoding = 4; lastKnownFileType = sourcecode.swift; path = "Goal+CoreDataClass.swift"; sourceTree = "<group>"; };
		6BE9406F248A396E00E6415F /* Category+CoreDataProperties.swift */ = {isa = PBXFileReference; fileEncoding = 4; lastKnownFileType = sourcecode.swift; path = "Category+CoreDataProperties.swift"; sourceTree = "<group>"; };
		6BE94070248A396E00E6415F /* Task+CoreDataClass.swift */ = {isa = PBXFileReference; fileEncoding = 4; lastKnownFileType = sourcecode.swift; path = "Task+CoreDataClass.swift"; sourceTree = "<group>"; };
		6BE94071248A396E00E6415F /* Task+CoreDataProperties.swift */ = {isa = PBXFileReference; fileEncoding = 4; lastKnownFileType = sourcecode.swift; path = "Task+CoreDataProperties.swift"; sourceTree = "<group>"; };
		6BE94072248A396E00E6415F /* Achievement+CoreDataProperties.swift */ = {isa = PBXFileReference; fileEncoding = 4; lastKnownFileType = sourcecode.swift; path = "Achievement+CoreDataProperties.swift"; sourceTree = "<group>"; };
		6BE94073248A396E00E6415F /* Category+CoreDataClass.swift */ = {isa = PBXFileReference; fileEncoding = 4; lastKnownFileType = sourcecode.swift; path = "Category+CoreDataClass.swift"; sourceTree = "<group>"; };
		6BE94074248A396F00E6415F /* DoneTask+CoreDataProperties.swift */ = {isa = PBXFileReference; fileEncoding = 4; lastKnownFileType = sourcecode.swift; path = "DoneTask+CoreDataProperties.swift"; sourceTree = "<group>"; };
		6BE94075248A396F00E6415F /* Achievement+CoreDataClass.swift */ = {isa = PBXFileReference; fileEncoding = 4; lastKnownFileType = sourcecode.swift; path = "Achievement+CoreDataClass.swift"; sourceTree = "<group>"; };
		6BE94076248A396F00E6415F /* User+CoreDataClass.swift */ = {isa = PBXFileReference; fileEncoding = 4; lastKnownFileType = sourcecode.swift; path = "User+CoreDataClass.swift"; sourceTree = "<group>"; };
		6BE94077248A396F00E6415F /* DoneTask+CoreDataClass.swift */ = {isa = PBXFileReference; fileEncoding = 4; lastKnownFileType = sourcecode.swift; path = "DoneTask+CoreDataClass.swift"; sourceTree = "<group>"; };
		6BE94085248A399500E6415F /* PMGoal.swift */ = {isa = PBXFileReference; fileEncoding = 4; lastKnownFileType = sourcecode.swift; path = PMGoal.swift; sourceTree = "<group>"; };
		6BE94086248A399500E6415F /* PMTask.swift */ = {isa = PBXFileReference; fileEncoding = 4; lastKnownFileType = sourcecode.swift; path = PMTask.swift; sourceTree = "<group>"; };
		6BE94087248A399500E6415F /* PMCategory.swift */ = {isa = PBXFileReference; fileEncoding = 4; lastKnownFileType = sourcecode.swift; path = PMCategory.swift; sourceTree = "<group>"; };
		6BE94088248A399500E6415F /* PMUser.swift */ = {isa = PBXFileReference; fileEncoding = 4; lastKnownFileType = sourcecode.swift; path = PMUser.swift; sourceTree = "<group>"; };
		6BE94089248A399500E6415F /* PMDoneTask.swift */ = {isa = PBXFileReference; fileEncoding = 4; lastKnownFileType = sourcecode.swift; path = PMDoneTask.swift; sourceTree = "<group>"; };
		6BE9408A248A399500E6415F /* PMAchievement.swift */ = {isa = PBXFileReference; fileEncoding = 4; lastKnownFileType = sourcecode.swift; path = PMAchievement.swift; sourceTree = "<group>"; };
		6BE94092248A39BE00E6415F /* OrderArray.swift */ = {isa = PBXFileReference; fileEncoding = 4; lastKnownFileType = sourcecode.swift; path = OrderArray.swift; sourceTree = "<group>"; };
/* End PBXFileReference section */

/* Begin PBXFrameworksBuildPhase section */
		6BE9404A248A388800E6415F /* Frameworks */ = {
			isa = PBXFrameworksBuildPhase;
			buildActionMask = 2147483647;
			files = (
			);
			runOnlyForDeploymentPostprocessing = 0;
		};
/* End PBXFrameworksBuildPhase section */

/* Begin PBXGroup section */
		6B311B4524ACE84B002FE58D /* Static Data */ = {
			isa = PBXGroup;
			children = (
				6B311B4724ACE87A002FE58D /* Category.swift */,
				6B311B4624ACE87A002FE58D /* Task.swift */,
				6B311B4824ACE87A002FE58D /* Init.swift */,
			);
			path = "Static Data";
			sourceTree = "<group>";
		};
		6B37016A248BA9F80006B8EE /* Core Data */ = {
			isa = PBXGroup;
			children = (
				6B37016B248BDCB90006B8EE /* CustomPersistentContainer.swift */,
			);
			path = "Core Data";
			sourceTree = "<group>";
		};
		6BE94043248A388800E6415F = {
			isa = PBXGroup;
			children = (
				6BE9404F248A388800E6415F /* GreenCore */,
				6BE9404E248A388800E6415F /* Products */,
			);
			sourceTree = "<group>";
		};
		6BE9404E248A388800E6415F /* Products */ = {
			isa = PBXGroup;
			children = (
				6BE9404D248A388800E6415F /* GreenCore.framework */,
			);
			name = Products;
			sourceTree = "<group>";
		};
		6BE9404F248A388800E6415F /* GreenCore */ = {
			isa = PBXGroup;
			children = (
				6B311B4524ACE84B002FE58D /* Static Data */,
				6B37016A248BA9F80006B8EE /* Core Data */,
				6BE94068248A392100E6415F /* Constants */,
				6BE94091248A39AF00E6415F /* Priority System */,
				6BE94084248A397400E6415F /* Persistence Managers */,
				6BE9406B248A394D00E6415F /* DAO */,
				6BE94065248A38D600E6415F /* GreenCore.h */,
				6BE94064248A38D600E6415F /* Info.plist */,
			);
			path = GreenCore;
			sourceTree = "<group>";
		};
		6BE94068248A392100E6415F /* Constants */ = {
			isa = PBXGroup;
			children = (
				6BE94069248A394800E6415F /* Constants.swift */,
			);
			path = Constants;
			sourceTree = "<group>";
		};
		6BE9406B248A394D00E6415F /* DAO */ = {
			isa = PBXGroup;
			children = (
				6BE94075248A396F00E6415F /* Achievement+CoreDataClass.swift */,
				6BE94072248A396E00E6415F /* Achievement+CoreDataProperties.swift */,
				6BE94073248A396E00E6415F /* Category+CoreDataClass.swift */,
				6BE9406F248A396E00E6415F /* Category+CoreDataProperties.swift */,
				6BE94077248A396F00E6415F /* DoneTask+CoreDataClass.swift */,
				6BE94074248A396F00E6415F /* DoneTask+CoreDataProperties.swift */,
				6BE9406E248A396E00E6415F /* Goal+CoreDataClass.swift */,
				6BE9406C248A396E00E6415F /* Goal+CoreDataProperties.swift */,
				6BE94070248A396E00E6415F /* Task+CoreDataClass.swift */,
				6BE94071248A396E00E6415F /* Task+CoreDataProperties.swift */,
				6BE94076248A396F00E6415F /* User+CoreDataClass.swift */,
				6BE9406D248A396E00E6415F /* User+CoreDataProperties.swift */,
			);
			path = DAO;
			sourceTree = "<group>";
		};
		6BE94084248A397400E6415F /* Persistence Managers */ = {
			isa = PBXGroup;
			children = (
				6BE9408A248A399500E6415F /* PMAchievement.swift */,
				6BE94087248A399500E6415F /* PMCategory.swift */,
				6BE94089248A399500E6415F /* PMDoneTask.swift */,
				6BE94085248A399500E6415F /* PMGoal.swift */,
				6BE94086248A399500E6415F /* PMTask.swift */,
				6BE94088248A399500E6415F /* PMUser.swift */,
			);
			path = "Persistence Managers";
			sourceTree = "<group>";
		};
		6BE94091248A39AF00E6415F /* Priority System */ = {
			isa = PBXGroup;
			children = (
				6BE94092248A39BE00E6415F /* OrderArray.swift */,
			);
			path = "Priority System";
			sourceTree = "<group>";
		};
/* End PBXGroup section */

/* Begin PBXHeadersBuildPhase section */
		6BE94048248A388800E6415F /* Headers */ = {
			isa = PBXHeadersBuildPhase;
			buildActionMask = 2147483647;
			files = (
			);
			runOnlyForDeploymentPostprocessing = 0;
		};
/* End PBXHeadersBuildPhase section */

/* Begin PBXNativeTarget section */
		6BE9404C248A388800E6415F /* GreenCore */ = {
			isa = PBXNativeTarget;
			buildConfigurationList = 6BE94055248A388800E6415F /* Build configuration list for PBXNativeTarget "GreenCore" */;
			buildPhases = (
				6BE94048248A388800E6415F /* Headers */,
				6BE94049248A388800E6415F /* Sources */,
				6BE9404A248A388800E6415F /* Frameworks */,
				6BE9404B248A388800E6415F /* Resources */,
			);
			buildRules = (
			);
			dependencies = (
			);
			name = GreenCore;
			productName = GreenCore;
			productReference = 6BE9404D248A388800E6415F /* GreenCore.framework */;
			productType = "com.apple.product-type.framework";
		};
/* End PBXNativeTarget section */

/* Begin PBXProject section */
		6BE94044248A388800E6415F /* Project object */ = {
			isa = PBXProject;
			attributes = {
				LastUpgradeCheck = 1150;
				ORGANIZATIONNAME = "Alessandro De Stefano";
				TargetAttributes = {
					6BE9404C248A388800E6415F = {
						CreatedOnToolsVersion = 11.5;
						LastSwiftMigration = 1150;
					};
				};
			};
			buildConfigurationList = 6BE94047248A388800E6415F /* Build configuration list for PBXProject "GreenCore" */;
			compatibilityVersion = "Xcode 9.3";
			developmentRegion = en;
			hasScannedForEncodings = 0;
			knownRegions = (
				en,
				Base,
			);
			mainGroup = 6BE94043248A388800E6415F;
			productRefGroup = 6BE9404E248A388800E6415F /* Products */;
			projectDirPath = "";
			projectRoot = "";
			targets = (
				6BE9404C248A388800E6415F /* GreenCore */,
			);
		};
/* End PBXProject section */

/* Begin PBXResourcesBuildPhase section */
		6BE9404B248A388800E6415F /* Resources */ = {
			isa = PBXResourcesBuildPhase;
			buildActionMask = 2147483647;
			files = (
			);
			runOnlyForDeploymentPostprocessing = 0;
		};
/* End PBXResourcesBuildPhase section */

/* Begin PBXSourcesBuildPhase section */
		6BE94049248A388800E6415F /* Sources */ = {
			isa = PBXSourcesBuildPhase;
			buildActionMask = 2147483647;
			files = (
				6BE94081248A396F00E6415F /* Achievement+CoreDataClass.swift in Sources */,
				6BE9408B248A399500E6415F /* PMGoal.swift in Sources */,
				6BE9408E248A399500E6415F /* PMUser.swift in Sources */,
				6BE9408F248A399500E6415F /* PMDoneTask.swift in Sources */,
				6B311B4924ACE87A002FE58D /* Task.swift in Sources */,
				6BE9408C248A399500E6415F /* PMTask.swift in Sources */,
				6B37016C248BDCB90006B8EE /* CustomPersistentContainer.swift in Sources */,
				6BE94078248A396F00E6415F /* Goal+CoreDataProperties.swift in Sources */,
				6BE94083248A396F00E6415F /* DoneTask+CoreDataClass.swift in Sources */,
				6B311B4B24ACE87A002FE58D /* Init.swift in Sources */,
				6BE94082248A396F00E6415F /* User+CoreDataClass.swift in Sources */,
				6BE9408D248A399500E6415F /* PMCategory.swift in Sources */,
				6BE9406A248A394800E6415F /* Constants.swift in Sources */,
				6BE9407B248A396F00E6415F /* Category+CoreDataProperties.swift in Sources */,
				6BE94090248A399500E6415F /* PMAchievement.swift in Sources */,
				6B311B4A24ACE87A002FE58D /* Category.swift in Sources */,
				6BE9407E248A396F00E6415F /* Achievement+CoreDataProperties.swift in Sources */,
				6BE94080248A396F00E6415F /* DoneTask+CoreDataProperties.swift in Sources */,
				6BE94093248A39BE00E6415F /* OrderArray.swift in Sources */,
				6BE9407A248A396F00E6415F /* Goal+CoreDataClass.swift in Sources */,
				6BE9407D248A396F00E6415F /* Task+CoreDataProperties.swift in Sources */,
				6BE9407C248A396F00E6415F /* Task+CoreDataClass.swift in Sources */,
				6BE9407F248A396F00E6415F /* Category+CoreDataClass.swift in Sources */,
				6BE94079248A396F00E6415F /* User+CoreDataProperties.swift in Sources */,
			);
			runOnlyForDeploymentPostprocessing = 0;
		};
/* End PBXSourcesBuildPhase section */

/* Begin XCBuildConfiguration section */
		6BE94053248A388800E6415F /* Debug */ = {
			isa = XCBuildConfiguration;
			buildSettings = {
				ALWAYS_SEARCH_USER_PATHS = NO;
				CLANG_ANALYZER_NONNULL = YES;
				CLANG_ANALYZER_NUMBER_OBJECT_CONVERSION = YES_AGGRESSIVE;
				CLANG_CXX_LANGUAGE_STANDARD = "gnu++14";
				CLANG_CXX_LIBRARY = "libc++";
				CLANG_ENABLE_MODULES = YES;
				CLANG_ENABLE_OBJC_ARC = YES;
				CLANG_ENABLE_OBJC_WEAK = YES;
				CLANG_WARN_BLOCK_CAPTURE_AUTORELEASING = YES;
				CLANG_WARN_BOOL_CONVERSION = YES;
				CLANG_WARN_COMMA = YES;
				CLANG_WARN_CONSTANT_CONVERSION = YES;
				CLANG_WARN_DEPRECATED_OBJC_IMPLEMENTATIONS = YES;
				CLANG_WARN_DIRECT_OBJC_ISA_USAGE = YES_ERROR;
				CLANG_WARN_DOCUMENTATION_COMMENTS = YES;
				CLANG_WARN_EMPTY_BODY = YES;
				CLANG_WARN_ENUM_CONVERSION = YES;
				CLANG_WARN_INFINITE_RECURSION = YES;
				CLANG_WARN_INT_CONVERSION = YES;
				CLANG_WARN_NON_LITERAL_NULL_CONVERSION = YES;
				CLANG_WARN_OBJC_IMPLICIT_RETAIN_SELF = YES;
				CLANG_WARN_OBJC_LITERAL_CONVERSION = YES;
				CLANG_WARN_OBJC_ROOT_CLASS = YES_ERROR;
				CLANG_WARN_RANGE_LOOP_ANALYSIS = YES;
				CLANG_WARN_STRICT_PROTOTYPES = YES;
				CLANG_WARN_SUSPICIOUS_MOVE = YES;
				CLANG_WARN_UNGUARDED_AVAILABILITY = YES_AGGRESSIVE;
				CLANG_WARN_UNREACHABLE_CODE = YES;
				CLANG_WARN__DUPLICATE_METHOD_MATCH = YES;
				COPY_PHASE_STRIP = NO;
				CURRENT_PROJECT_VERSION = 1;
				DEBUG_INFORMATION_FORMAT = dwarf;
				ENABLE_STRICT_OBJC_MSGSEND = YES;
				ENABLE_TESTABILITY = YES;
				GCC_C_LANGUAGE_STANDARD = gnu11;
				GCC_DYNAMIC_NO_PIC = NO;
				GCC_NO_COMMON_BLOCKS = YES;
				GCC_OPTIMIZATION_LEVEL = 0;
				GCC_PREPROCESSOR_DEFINITIONS = (
					"DEBUG=1",
					"$(inherited)",
				);
				GCC_WARN_64_TO_32_BIT_CONVERSION = YES;
				GCC_WARN_ABOUT_RETURN_TYPE = YES_ERROR;
				GCC_WARN_UNDECLARED_SELECTOR = YES;
				GCC_WARN_UNINITIALIZED_AUTOS = YES_AGGRESSIVE;
				GCC_WARN_UNUSED_FUNCTION = YES;
				GCC_WARN_UNUSED_VARIABLE = YES;
				IPHONEOS_DEPLOYMENT_TARGET = 13.5;
				MTL_ENABLE_DEBUG_INFO = INCLUDE_SOURCE;
				MTL_FAST_MATH = YES;
				ONLY_ACTIVE_ARCH = YES;
				SDKROOT = iphoneos;
				SWIFT_ACTIVE_COMPILATION_CONDITIONS = DEBUG;
				SWIFT_OPTIMIZATION_LEVEL = "-Onone";
				VERSIONING_SYSTEM = "apple-generic";
				VERSION_INFO_PREFIX = "";
			};
			name = Debug;
		};
		6BE94054248A388800E6415F /* Release */ = {
			isa = XCBuildConfiguration;
			buildSettings = {
				ALWAYS_SEARCH_USER_PATHS = NO;
				CLANG_ANALYZER_NONNULL = YES;
				CLANG_ANALYZER_NUMBER_OBJECT_CONVERSION = YES_AGGRESSIVE;
				CLANG_CXX_LANGUAGE_STANDARD = "gnu++14";
				CLANG_CXX_LIBRARY = "libc++";
				CLANG_ENABLE_MODULES = YES;
				CLANG_ENABLE_OBJC_ARC = YES;
				CLANG_ENABLE_OBJC_WEAK = YES;
				CLANG_WARN_BLOCK_CAPTURE_AUTORELEASING = YES;
				CLANG_WARN_BOOL_CONVERSION = YES;
				CLANG_WARN_COMMA = YES;
				CLANG_WARN_CONSTANT_CONVERSION = YES;
				CLANG_WARN_DEPRECATED_OBJC_IMPLEMENTATIONS = YES;
				CLANG_WARN_DIRECT_OBJC_ISA_USAGE = YES_ERROR;
				CLANG_WARN_DOCUMENTATION_COMMENTS = YES;
				CLANG_WARN_EMPTY_BODY = YES;
				CLANG_WARN_ENUM_CONVERSION = YES;
				CLANG_WARN_INFINITE_RECURSION = YES;
				CLANG_WARN_INT_CONVERSION = YES;
				CLANG_WARN_NON_LITERAL_NULL_CONVERSION = YES;
				CLANG_WARN_OBJC_IMPLICIT_RETAIN_SELF = YES;
				CLANG_WARN_OBJC_LITERAL_CONVERSION = YES;
				CLANG_WARN_OBJC_ROOT_CLASS = YES_ERROR;
				CLANG_WARN_RANGE_LOOP_ANALYSIS = YES;
				CLANG_WARN_STRICT_PROTOTYPES = YES;
				CLANG_WARN_SUSPICIOUS_MOVE = YES;
				CLANG_WARN_UNGUARDED_AVAILABILITY = YES_AGGRESSIVE;
				CLANG_WARN_UNREACHABLE_CODE = YES;
				CLANG_WARN__DUPLICATE_METHOD_MATCH = YES;
				COPY_PHASE_STRIP = NO;
				CURRENT_PROJECT_VERSION = 1;
				DEBUG_INFORMATION_FORMAT = "dwarf-with-dsym";
				ENABLE_NS_ASSERTIONS = NO;
				ENABLE_STRICT_OBJC_MSGSEND = YES;
				GCC_C_LANGUAGE_STANDARD = gnu11;
				GCC_NO_COMMON_BLOCKS = YES;
				GCC_WARN_64_TO_32_BIT_CONVERSION = YES;
				GCC_WARN_ABOUT_RETURN_TYPE = YES_ERROR;
				GCC_WARN_UNDECLARED_SELECTOR = YES;
				GCC_WARN_UNINITIALIZED_AUTOS = YES_AGGRESSIVE;
				GCC_WARN_UNUSED_FUNCTION = YES;
				GCC_WARN_UNUSED_VARIABLE = YES;
				IPHONEOS_DEPLOYMENT_TARGET = 13.5;
				MTL_ENABLE_DEBUG_INFO = NO;
				MTL_FAST_MATH = YES;
				SDKROOT = iphoneos;
				SWIFT_COMPILATION_MODE = wholemodule;
				SWIFT_OPTIMIZATION_LEVEL = "-O";
				VALIDATE_PRODUCT = YES;
				VERSIONING_SYSTEM = "apple-generic";
				VERSION_INFO_PREFIX = "";
			};
			name = Release;
		};
		6BE94056248A388800E6415F /* Debug */ = {
			isa = XCBuildConfiguration;
			buildSettings = {
				CLANG_ENABLE_MODULES = YES;
				CODE_SIGN_STYLE = Automatic;
				DEFINES_MODULE = YES;
				DEVELOPMENT_TEAM = K8WJKQA676;
				DYLIB_COMPATIBILITY_VERSION = 1;
				DYLIB_CURRENT_VERSION = 1;
				DYLIB_INSTALL_NAME_BASE = "@rpath";
				INFOPLIST_FILE = GreenCore/Info.plist;
				INSTALL_PATH = "$(LOCAL_LIBRARY_DIR)/Frameworks";
				LD_RUNPATH_SEARCH_PATHS = (
					"$(inherited)",
					"@executable_path/Frameworks",
					"@loader_path/Frameworks",
				);
				PRODUCT_BUNDLE_IDENTIFIER = alessandrodestefano.GreenCore;
				PRODUCT_NAME = "$(TARGET_NAME:c99extidentifier)";
				SKIP_INSTALL = YES;
				SWIFT_OPTIMIZATION_LEVEL = "-Onone";
				SWIFT_VERSION = 5.0;
				TARGETED_DEVICE_FAMILY = "1,2";
			};
			name = Debug;
		};
		6BE94057248A388800E6415F /* Release */ = {
			isa = XCBuildConfiguration;
			buildSettings = {
				CLANG_ENABLE_MODULES = YES;
				CODE_SIGN_STYLE = Automatic;
				DEFINES_MODULE = YES;
				DEVELOPMENT_TEAM = K8WJKQA676;
				DYLIB_COMPATIBILITY_VERSION = 1;
				DYLIB_CURRENT_VERSION = 1;
				DYLIB_INSTALL_NAME_BASE = "@rpath";
				INFOPLIST_FILE = GreenCore/Info.plist;
				INSTALL_PATH = "$(LOCAL_LIBRARY_DIR)/Frameworks";
				LD_RUNPATH_SEARCH_PATHS = (
					"$(inherited)",
					"@executable_path/Frameworks",
					"@loader_path/Frameworks",
				);
				PRODUCT_BUNDLE_IDENTIFIER = alessandrodestefano.GreenCore;
				PRODUCT_NAME = "$(TARGET_NAME:c99extidentifier)";
				SKIP_INSTALL = YES;
				SWIFT_VERSION = 5.0;
				TARGETED_DEVICE_FAMILY = "1,2";
			};
			name = Release;
		};
/* End XCBuildConfiguration section */

/* Begin XCConfigurationList section */
		6BE94047248A388800E6415F /* Build configuration list for PBXProject "GreenCore" */ = {
			isa = XCConfigurationList;
			buildConfigurations = (
				6BE94053248A388800E6415F /* Debug */,
				6BE94054248A388800E6415F /* Release */,
			);
			defaultConfigurationIsVisible = 0;
			defaultConfigurationName = Release;
		};
		6BE94055248A388800E6415F /* Build configuration list for PBXNativeTarget "GreenCore" */ = {
			isa = XCConfigurationList;
			buildConfigurations = (
				6BE94056248A388800E6415F /* Debug */,
				6BE94057248A388800E6415F /* Release */,
			);
			defaultConfigurationIsVisible = 0;
			defaultConfigurationName = Release;
		};
/* End XCConfigurationList section */
	};
	rootObject = 6BE94044248A388800E6415F /* Project object */;
}
